{
    "_meta": {
        "hash": {
            "sha256": "f1a32c64d93016c32184a4fae3d3445da7c964f4c6068a709e60bfa2e49a1b6c"
        },
        "pipfile-spec": 6,
        "requires": {
            "python_version": "3.11"
        },
        "sources": [
            {
                "name": "pypi",
                "url": "https://pypi.org/simple",
                "verify_ssl": true
            }
        ]
    },
    "default": {
        "pytube": {
            "hashes": [
                "sha256:422a9c2e1d35521f00c692b59c18edbaf2c1e12197bd36745bf00a26875674db",
                "sha256:e6cb158ab16f747eae490a5f49233ddb1f111a425c014fb8a9cda7fcb806a689"
            ],
            "index": "pypi",
            "version": "==12.0.0"
        }
    },
    "develop": {}
}
